
Microsoft Visual Studio Solution File, Format Version 12.00
# Visual Studio Version 16
VisualStudioVersion = 16.0.31624.102
MinimumVisualStudioVersion = 10.0.40219.1
Project("{9A19103F-16F7-4668-BE54-9A1E7A4F7556}") = "Movie_Database_App", "Movie_Database_App.csproj", "{DDCCFAA3-3B68-4EBE-A0BD-91A1E062D4D1}"
EndProject
Global
	GlobalSection(SolutionConfigurationPlatforms) = preSolution
		Debug|Any CPU = Debug|Any CPU
		Release|Any CPU = Release|Any CPU
	EndGlobalSection
	GlobalSection(ProjectConfigurationPlatforms) = postSolution
		{DDCCFAA3-3B68-4EBE-A0BD-91A1E062D4D1}.Debug|Any CPU.ActiveCfg = Debug|Any CPU
		{DDCCFAA3-3B68-4EBE-A0BD-91A1E062D4D1}.Debug|Any CPU.Build.0 = Debug|Any CPU
		{DDCCFAA3-3B68-4EBE-A0BD-91A1E062D4D1}.Release|Any CPU.ActiveCfg = Release|Any CPU
		{DDCCFAA3-3B68-4EBE-A0BD-91A1E062D4D1}.Release|Any CPU.Build.0 = Release|Any CPU
	EndGlobalSection
	GlobalSection(SolutionProperties) = preSolution
		HideSolutionNode = FALSE
	EndGlobalSection
	GlobalSection(ExtensibilityGlobals) = postSolution
		SolutionGuid = {30441C1B-7162-4AE9-924F-BC8A240E70DA}
	EndGlobalSection
EndGlobal
